// !$*UTF8*$!
{
	archiveVersion = 1;
	classes = {
	};
	objectVersion = 56;
	objects = {

/* Begin PBXBuildFile section */
		EA05CAB329032558003A0D6F /* Procrasination_BLCTApp.swift in Sources */ = {isa = PBXBuildFile; fileRef = EA05CAB229032558003A0D6F /* Procrasination_BLCTApp.swift */; };
		EA05CAB529032558003A0D6F /* ContentView.swift in Sources */ = {isa = PBXBuildFile; fileRef = EA05CAB429032558003A0D6F /* ContentView.swift */; };
		EA05CAB729032559003A0D6F /* Assets.xcassets in Resources */ = {isa = PBXBuildFile; fileRef = EA05CAB629032559003A0D6F /* Assets.xcassets */; };
		EA05CABA29032559003A0D6F /* Preview Assets.xcassets in Resources */ = {isa = PBXBuildFile; fileRef = EA05CAB929032559003A0D6F /* Preview Assets.xcassets */; };
		EA05CAC12903290B003A0D6F /* WelcomePage.swift in Sources */ = {isa = PBXBuildFile; fileRef = EA05CAC02903290B003A0D6F /* WelcomePage.swift */; };
		EA05CAC429032C33003A0D6F /* Algorithms in Frameworks */ = {isa = PBXBuildFile; productRef = EA05CAC329032C33003A0D6F /* Algorithms */; };
		EA05CAC729032C83003A0D6F /* AccountView.swift in Sources */ = {isa = PBXBuildFile; fileRef = EA05CAC629032C83003A0D6F /* AccountView.swift */; };
		EA05CACA29032CC5003A0D6F /* Profile.swift in Sources */ = {isa = PBXBuildFile; fileRef = EA05CAC929032CC5003A0D6F /* Profile.swift */; };
		EA543D262915AA4600816266 /* ASViewController.swift in Sources */ = {isa = PBXBuildFile; fileRef = EA543D252915AA4600816266 /* ASViewController.swift */; };
		EA543D282915AA7D00816266 /* WelcomeViewController.swift in Sources */ = {isa = PBXBuildFile; fileRef = EA543D272915AA7D00816266 /* WelcomeViewController.swift */; };
		EA689918290B2A3F0025DE2D /* Account_Setup_3.swift in Sources */ = {isa = PBXBuildFile; fileRef = EA689917290B2A3F0025DE2D /* Account_Setup_3.swift */; };
		EA68991A290B47870025DE2D /* Home.swift in Sources */ = {isa = PBXBuildFile; fileRef = EA689919290B47870025DE2D /* Home.swift */; };
		EA68991C290B5EF70025DE2D /* Daily_1.swift in Sources */ = {isa = PBXBuildFile; fileRef = EA68991B290B5EF70025DE2D /* Daily_1.swift */; };
		EA68991E290B6F760025DE2D /* Daily_2.swift in Sources */ = {isa = PBXBuildFile; fileRef = EA68991D290B6F760025DE2D /* Daily_2.swift */; };
		EA8D6B822903B65C0054DE31 /* SwiftUIView.swift in Sources */ = {isa = PBXBuildFile; fileRef = EA8D6B812903B65C0054DE31 /* SwiftUIView.swift */; };
		EA8D6B842903B6BB0054DE31 /* Account Setup.swift in Sources */ = {isa = PBXBuildFile; fileRef = EA8D6B832903B6BB0054DE31 /* Account Setup.swift */; };
		EA8D6B872903C2C20054DE31 /* Account_Setup_2.swift in Sources */ = {isa = PBXBuildFile; fileRef = EA8D6B862903C2C20054DE31 /* Account_Setup_2.swift */; };
		EAFB49B42904554D00F3BF2B /* TextValidator.swift in Sources */ = {isa = PBXBuildFile; fileRef = EAFB49B32904554D00F3BF2B /* TextValidator.swift */; };
/* End PBXBuildFile section */

/* Begin PBXFileReference section */
		EA05CAAF29032558003A0D6F /* Procrasination-BLCT.app */ = {isa = PBXFileReference; explicitFileType = wrapper.application; includeInIndex = 0; path = "Procrasination-BLCT.app"; sourceTree = BUILT_PRODUCTS_DIR; };
		EA05CAB229032558003A0D6F /* Procrasination_BLCTApp.swift */ = {isa = PBXFileReference; lastKnownFileType = sourcecode.swift; path = Procrasination_BLCTApp.swift; sourceTree = "<group>"; };
		EA05CAB429032558003A0D6F /* ContentView.swift */ = {isa = PBXFileReference; lastKnownFileType = sourcecode.swift; path = ContentView.swift; sourceTree = "<group>"; };
		EA05CAB629032559003A0D6F /* Assets.xcassets */ = {isa = PBXFileReference; lastKnownFileType = folder.assetcatalog; path = Assets.xcassets; sourceTree = "<group>"; };
		EA05CAB929032559003A0D6F /* Preview Assets.xcassets */ = {isa = PBXFileReference; lastKnownFileType = folder.assetcatalog; path = "Preview Assets.xcassets"; sourceTree = "<group>"; };
		EA05CAC02903290B003A0D6F /* WelcomePage.swift */ = {isa = PBXFileReference; lastKnownFileType = sourcecode.swift; path = WelcomePage.swift; sourceTree = "<group>"; };
		EA05CAC629032C83003A0D6F /* AccountView.swift */ = {isa = PBXFileReference; lastKnownFileType = sourcecode.swift; path = AccountView.swift; sourceTree = "<group>"; };
		EA05CAC929032CC5003A0D6F /* Profile.swift */ = {isa = PBXFileReference; lastKnownFileType = sourcecode.swift; path = Profile.swift; sourceTree = "<group>"; };
		EA543D252915AA4600816266 /* ASViewController.swift */ = {isa = PBXFileReference; lastKnownFileType = sourcecode.swift; path = ASViewController.swift; sourceTree = "<group>"; };
		EA543D272915AA7D00816266 /* WelcomeViewController.swift */ = {isa = PBXFileReference; lastKnownFileType = sourcecode.swift; path = WelcomeViewController.swift; sourceTree = "<group>"; };
		EA689917290B2A3F0025DE2D /* Account_Setup_3.swift */ = {isa = PBXFileReference; lastKnownFileType = sourcecode.swift; path = Account_Setup_3.swift; sourceTree = "<group>"; };
		EA689919290B47870025DE2D /* Home.swift */ = {isa = PBXFileReference; lastKnownFileType = sourcecode.swift; path = Home.swift; sourceTree = "<group>"; };
		EA68991B290B5EF70025DE2D /* Daily_1.swift */ = {isa = PBXFileReference; lastKnownFileType = sourcecode.swift; path = Daily_1.swift; sourceTree = "<group>"; };
		EA68991D290B6F760025DE2D /* Daily_2.swift */ = {isa = PBXFileReference; lastKnownFileType = sourcecode.swift; path = Daily_2.swift; sourceTree = "<group>"; };
		EA8D6B812903B65C0054DE31 /* SwiftUIView.swift */ = {isa = PBXFileReference; lastKnownFileType = sourcecode.swift; path = SwiftUIView.swift; sourceTree = "<group>"; };
		EA8D6B832903B6BB0054DE31 /* Account Setup.swift */ = {isa = PBXFileReference; lastKnownFileType = sourcecode.swift; path = "Account Setup.swift"; sourceTree = "<group>"; };
		EA8D6B862903C2C20054DE31 /* Account_Setup_2.swift */ = {isa = PBXFileReference; lastKnownFileType = sourcecode.swift; path = Account_Setup_2.swift; sourceTree = "<group>"; };
		EAFB49B32904554D00F3BF2B /* TextValidator.swift */ = {isa = PBXFileReference; lastKnownFileType = sourcecode.swift; path = TextValidator.swift; sourceTree = "<group>"; };
/* End PBXFileReference section */

/* Begin PBXFrameworksBuildPhase section */
		EA05CAAC29032558003A0D6F /* Frameworks */ = {
			isa = PBXFrameworksBuildPhase;
			buildActionMask = 2147483647;
			files = (
				EA05CAC429032C33003A0D6F /* Algorithms in Frameworks */,
			);
			runOnlyForDeploymentPostprocessing = 0;
		};
/* End PBXFrameworksBuildPhase section */

/* Begin PBXGroup section */
		EA05CAA629032558003A0D6F = {
			isa = PBXGroup;
			children = (
				EA05CAB129032558003A0D6F /* Procrasination-BLCT */,
				EA05CAB029032558003A0D6F /* Products */,
			);
			sourceTree = "<group>";
		};
		EA05CAB029032558003A0D6F /* Products */ = {
			isa = PBXGroup;
			children = (
				EA05CAAF29032558003A0D6F /* Procrasination-BLCT.app */,
			);
			name = Products;
			sourceTree = "<group>";
		};
		EA05CAB129032558003A0D6F /* Procrasination-BLCT */ = {
			isa = PBXGroup;
			children = (
				EA05CAC529032C54003A0D6F /* ObservableObjects */,
				EA05CAB229032558003A0D6F /* Procrasination_BLCTApp.swift */,
				EA8D6B832903B6BB0054DE31 /* Account Setup.swift */,
				EA8D6B862903C2C20054DE31 /* Account_Setup_2.swift */,
				EA689917290B2A3F0025DE2D /* Account_Setup_3.swift */,
				EA689919290B47870025DE2D /* Home.swift */,
				EA68991B290B5EF70025DE2D /* Daily_1.swift */,
				EA68991D290B6F760025DE2D /* Daily_2.swift */,
				EA8D6B812903B65C0054DE31 /* SwiftUIView.swift */,
				EA05CAC829032C98003A0D6F /* State */,
				EA05CAC02903290B003A0D6F /* WelcomePage.swift */,
				EA05CAB629032559003A0D6F /* Assets.xcassets */,
				EA05CAB829032559003A0D6F /* Preview Content */,
				EA543D252915AA4600816266 /* ASViewController.swift */,
				EA543D272915AA7D00816266 /* WelcomeViewController.swift */,
			);
			path = "Procrasination-BLCT";
			sourceTree = "<group>";
		};
		EA05CAB829032559003A0D6F /* Preview Content */ = {
			isa = PBXGroup;
			children = (
				EA05CAB929032559003A0D6F /* Preview Assets.xcassets */,
			);
			path = "Preview Content";
			sourceTree = "<group>";
		};
		EA05CAC529032C54003A0D6F /* ObservableObjects */ = {
			isa = PBXGroup;
			children = (
				EA05CAC629032C83003A0D6F /* AccountView.swift */,
				EA05CAC929032CC5003A0D6F /* Profile.swift */,
				EAFB49B32904554D00F3BF2B /* TextValidator.swift */,
			);
			path = ObservableObjects;
			sourceTree = "<group>";
		};
		EA05CAC829032C98003A0D6F /* State */ = {
			isa = PBXGroup;
			children = (
				EA05CAB429032558003A0D6F /* ContentView.swift */,
			);
			path = State;
			sourceTree = "<group>";
		};
/* End PBXGroup section */

/* Begin PBXNativeTarget section */
		EA05CAAE29032558003A0D6F /* Procrasination-BLCT */ = {
			isa = PBXNativeTarget;
			buildConfigurationList = EA05CABD29032559003A0D6F /* Build configuration list for PBXNativeTarget "Procrasination-BLCT" */;
			buildPhases = (
				EA05CAAB29032558003A0D6F /* Sources */,
				EA05CAAC29032558003A0D6F /* Frameworks */,
				EA05CAAD29032558003A0D6F /* Resources */,
			);
			buildRules = (
			);
			dependencies = (
			);
			name = "Procrasination-BLCT";
			packageProductDependencies = (
				EA05CAC329032C33003A0D6F /* Algorithms */,
			);
			productName = "Procrasination-BLCT";
			productReference = EA05CAAF29032558003A0D6F /* Procrasination-BLCT.app */;
			productType = "com.apple.product-type.application";
		};
/* End PBXNativeTarget section */

/* Begin PBXProject section */
		EA05CAA729032558003A0D6F /* Project object */ = {
			isa = PBXProject;
			attributes = {
				BuildIndependentTargetsInParallel = 1;
				LastSwiftUpdateCheck = 1400;
				LastUpgradeCheck = 1400;
				TargetAttributes = {
					EA05CAAE29032558003A0D6F = {
						CreatedOnToolsVersion = 14.0.1;
					};
				};
			};
			buildConfigurationList = EA05CAAA29032558003A0D6F /* Build configuration list for PBXProject "Procrasination-BLCT" */;
			compatibilityVersion = "Xcode 14.0";
			developmentRegion = en;
			hasScannedForEncodings = 0;
			knownRegions = (
				en,
				Base,
			);
			mainGroup = EA05CAA629032558003A0D6F;
			packageReferences = (
				EA05CAC229032C33003A0D6F /* XCRemoteSwiftPackageReference "swift-algorithms" */,
			);
			productRefGroup = EA05CAB029032558003A0D6F /* Products */;
			projectDirPath = "";
			projectRoot = "";
			targets = (
				EA05CAAE29032558003A0D6F /* Procrasination-BLCT */,
			);
		};
/* End PBXProject section */

/* Begin PBXResourcesBuildPhase section */
		EA05CAAD29032558003A0D6F /* Resources */ = {
			isa = PBXResourcesBuildPhase;
			buildActionMask = 2147483647;
			files = (
				EA05CABA29032559003A0D6F /* Preview Assets.xcassets in Resources */,
				EA05CAB729032559003A0D6F /* Assets.xcassets in Resources */,
			);
			runOnlyForDeploymentPostprocessing = 0;
		};
/* End PBXResourcesBuildPhase section */

/* Begin PBXSourcesBuildPhase section */
		EA05CAAB29032558003A0D6F /* Sources */ = {
			isa = PBXSourcesBuildPhase;
			buildActionMask = 2147483647;
			files = (
				EA05CAC729032C83003A0D6F /* AccountView.swift in Sources */,
				EA689918290B2A3F0025DE2D /* Account_Setup_3.swift in Sources */,
				EA05CACA29032CC5003A0D6F /* Profile.swift in Sources */,
				EA68991C290B5EF70025DE2D /* Daily_1.swift in Sources */,
				EA68991A290B47870025DE2D /* Home.swift in Sources */,
				EA8D6B822903B65C0054DE31 /* SwiftUIView.swift in Sources */,
				EA543D282915AA7D00816266 /* WelcomeViewController.swift in Sources */,
				EA05CAC12903290B003A0D6F /* WelcomePage.swift in Sources */,
				EA8D6B842903B6BB0054DE31 /* Account Setup.swift in Sources */,
				EA05CAB529032558003A0D6F /* ContentView.swift in Sources */,
				EAFB49B42904554D00F3BF2B /* TextValidator.swift in Sources */,
				EA8D6B872903C2C20054DE31 /* Account_Setup_2.swift in Sources */,
				EA68991E290B6F760025DE2D /* Daily_2.swift in Sources */,
				EA543D262915AA4600816266 /* ASViewController.swift in Sources */,
				EA05CAB329032558003A0D6F /* Procrasination_BLCTApp.swift in Sources */,
			);
			runOnlyForDeploymentPostprocessing = 0;
		};
/* End PBXSourcesBuildPhase section */

/* Begin XCBuildConfiguration section */
		EA05CABB29032559003A0D6F /* Debug */ = {
			isa = XCBuildConfiguration;
			buildSettings = {
				ALWAYS_SEARCH_USER_PATHS = NO;
				CLANG_ANALYZER_NONNULL = YES;
				CLANG_ANALYZER_NUMBER_OBJECT_CONVERSION = YES_AGGRESSIVE;
				CLANG_CXX_LANGUAGE_STANDARD = "gnu++20";
				CLANG_ENABLE_MODULES = YES;
				CLANG_ENABLE_OBJC_ARC = YES;
				CLANG_ENABLE_OBJC_WEAK = YES;
				CLANG_WARN_BLOCK_CAPTURE_AUTORELEASING = YES;
				CLANG_WARN_BOOL_CONVERSION = YES;
				CLANG_WARN_COMMA = YES;
				CLANG_WARN_CONSTANT_CONVERSION = YES;
				CLANG_WARN_DEPRECATED_OBJC_IMPLEMENTATIONS = YES;
				CLANG_WARN_DIRECT_OBJC_ISA_USAGE = YES_ERROR;
				CLANG_WARN_DOCUMENTATION_COMMENTS = YES;
				CLANG_WARN_EMPTY_BODY = YES;
				CLANG_WARN_ENUM_CONVERSION = YES;
				CLANG_WARN_INFINITE_RECURSION = YES;
				CLANG_WARN_INT_CONVERSION = YES;
				CLANG_WARN_NON_LITERAL_NULL_CONVERSION = YES;
				CLANG_WARN_OBJC_IMPLICIT_RETAIN_SELF = YES;
				CLANG_WARN_OBJC_LITERAL_CONVERSION = YES;
				CLANG_WARN_OBJC_ROOT_CLASS = YES_ERROR;
				CLANG_WARN_QUOTED_INCLUDE_IN_FRAMEWORK_HEADER = YES;
				CLANG_WARN_RANGE_LOOP_ANALYSIS = YES;
				CLANG_WARN_STRICT_PROTOTYPES = YES;
				CLANG_WARN_SUSPICIOUS_MOVE = YES;
				CLANG_WARN_UNGUARDED_AVAILABILITY = YES_AGGRESSIVE;
				CLANG_WARN_UNREACHABLE_CODE = YES;
				CLANG_WARN__DUPLICATE_METHOD_MATCH = YES;
				COPY_PHASE_STRIP = NO;
				DEBUG_INFORMATION_FORMAT = dwarf;
				ENABLE_STRICT_OBJC_MSGSEND = YES;
				ENABLE_TESTABILITY = YES;
				GCC_C_LANGUAGE_STANDARD = gnu11;
				GCC_DYNAMIC_NO_PIC = NO;
				GCC_NO_COMMON_BLOCKS = YES;
				GCC_OPTIMIZATION_LEVEL = 0;
				GCC_PREPROCESSOR_DEFINITIONS = (
					"DEBUG=1",
					"$(inherited)",
				);
				GCC_WARN_64_TO_32_BIT_CONVERSION = YES;
				GCC_WARN_ABOUT_RETURN_TYPE = YES_ERROR;
				GCC_WARN_UNDECLARED_SELECTOR = YES;
				GCC_WARN_UNINITIALIZED_AUTOS = YES_AGGRESSIVE;
				GCC_WARN_UNUSED_FUNCTION = YES;
				GCC_WARN_UNUSED_VARIABLE = YES;
				IPHONEOS_DEPLOYMENT_TARGET = 16.0;
				MTL_ENABLE_DEBUG_INFO = INCLUDE_SOURCE;
				MTL_FAST_MATH = YES;
				ONLY_ACTIVE_ARCH = YES;
				SDKROOT = iphoneos;
				SWIFT_ACTIVE_COMPILATION_CONDITIONS = DEBUG;
				SWIFT_OPTIMIZATION_LEVEL = "-Onone";
			};
			name = Debug;
		};
		EA05CABC29032559003A0D6F /* Release */ = {
			isa = XCBuildConfiguration;
			buildSettings = {
				ALWAYS_SEARCH_USER_PATHS = NO;
				CLANG_ANALYZER_NONNULL = YES;
				CLANG_ANALYZER_NUMBER_OBJECT_CONVERSION = YES_AGGRESSIVE;
				CLANG_CXX_LANGUAGE_STANDARD = "gnu++20";
				CLANG_ENABLE_MODULES = YES;
				CLANG_ENABLE_OBJC_ARC = YES;
				CLANG_ENABLE_OBJC_WEAK = YES;
				CLANG_WARN_BLOCK_CAPTURE_AUTORELEASING = YES;
				CLANG_WARN_BOOL_CONVERSION = YES;
				CLANG_WARN_COMMA = YES;
				CLANG_WARN_CONSTANT_CONVERSION = YES;
				CLANG_WARN_DEPRECATED_OBJC_IMPLEMENTATIONS = YES;
				CLANG_WARN_DIRECT_OBJC_ISA_USAGE = YES_ERROR;
				CLANG_WARN_DOCUMENTATION_COMMENTS = YES;
				CLANG_WARN_EMPTY_BODY = YES;
				CLANG_WARN_ENUM_CONVERSION = YES;
				CLANG_WARN_INFINITE_RECURSION = YES;
				CLANG_WARN_INT_CONVERSION = YES;
				CLANG_WARN_NON_LITERAL_NULL_CONVERSION = YES;
				CLANG_WARN_OBJC_IMPLICIT_RETAIN_SELF = YES;
				CLANG_WARN_OBJC_LITERAL_CONVERSION = YES;
				CLANG_WARN_OBJC_ROOT_CLASS = YES_ERROR;
				CLANG_WARN_QUOTED_INCLUDE_IN_FRAMEWORK_HEADER = YES;
				CLANG_WARN_RANGE_LOOP_ANALYSIS = YES;
				CLANG_WARN_STRICT_PROTOTYPES = YES;
				CLANG_WARN_SUSPICIOUS_MOVE = YES;
				CLANG_WARN_UNGUARDED_AVAILABILITY = YES_AGGRESSIVE;
				CLANG_WARN_UNREACHABLE_CODE = YES;
				CLANG_WARN__DUPLICATE_METHOD_MATCH = YES;
				COPY_PHASE_STRIP = NO;
				DEBUG_INFORMATION_FORMAT = "dwarf-with-dsym";
				ENABLE_NS_ASSERTIONS = NO;
				ENABLE_STRICT_OBJC_MSGSEND = YES;
				GCC_C_LANGUAGE_STANDARD = gnu11;
				GCC_NO_COMMON_BLOCKS = YES;
				GCC_WARN_64_TO_32_BIT_CONVERSION = YES;
				GCC_WARN_ABOUT_RETURN_TYPE = YES_ERROR;
				GCC_WARN_UNDECLARED_SELECTOR = YES;
				GCC_WARN_UNINITIALIZED_AUTOS = YES_AGGRESSIVE;
				GCC_WARN_UNUSED_FUNCTION = YES;
				GCC_WARN_UNUSED_VARIABLE = YES;
				IPHONEOS_DEPLOYMENT_TARGET = 16.0;
				MTL_ENABLE_DEBUG_INFO = NO;
				MTL_FAST_MATH = YES;
				SDKROOT = iphoneos;
				SWIFT_COMPILATION_MODE = wholemodule;
				SWIFT_OPTIMIZATION_LEVEL = "-O";
				VALIDATE_PRODUCT = YES;
			};
			name = Release;
		};
		EA05CABE29032559003A0D6F /* Debug */ = {
			isa = XCBuildConfiguration;
			buildSettings = {
				ASSETCATALOG_COMPILER_APPICON_NAME = AppIcon;
				ASSETCATALOG_COMPILER_GLOBAL_ACCENT_COLOR_NAME = AccentColor;
				CODE_SIGN_STYLE = Automatic;
				CURRENT_PROJECT_VERSION = 1;
				DEVELOPMENT_ASSET_PATHS = "\"Procrasination-BLCT/Preview Content\"";
				DEVELOPMENT_TEAM = RTMT8ZHYFZ;
				ENABLE_PREVIEWS = YES;
				GENERATE_INFOPLIST_FILE = YES;
				INFOPLIST_KEY_UIApplicationSceneManifest_Generation = YES;
				INFOPLIST_KEY_UIApplicationSupportsIndirectInputEvents = YES;
				INFOPLIST_KEY_UILaunchScreen_Generation = YES;
				INFOPLIST_KEY_UISupportedInterfaceOrientations_iPad = "UIInterfaceOrientationPortrait UIInterfaceOrientationPortraitUpsideDown UIInterfaceOrientationLandscapeLeft UIInterfaceOrientationLandscapeRight";
				INFOPLIST_KEY_UISupportedInterfaceOrientations_iPhone = "UIInterfaceOrientationPortrait UIInterfaceOrientationLandscapeLeft UIInterfaceOrientationLandscapeRight";
				LD_RUNPATH_SEARCH_PATHS = (
					"$(inherited)",
					"@executable_path/Frameworks",
				);
				MARKETING_VERSION = 1.0;
				PRODUCT_BUNDLE_IDENTIFIER = "com.MarcusRibeiro.Procrasination-BLCT";
				PRODUCT_NAME = "$(TARGET_NAME)";
				SWIFT_EMIT_LOC_STRINGS = YES;
				SWIFT_VERSION = 5.0;
				TARGETED_DEVICE_FAMILY = "1,2";
			};
			name = Debug;
		};
		EA05CABF29032559003A0D6F /* Release */ = {
			isa = XCBuildConfiguration;
			buildSettings = {
				ASSETCATALOG_COMPILER_APPICON_NAME = AppIcon;
				ASSETCATALOG_COMPILER_GLOBAL_ACCENT_COLOR_NAME = AccentColor;
				CODE_SIGN_STYLE = Automatic;
				CURRENT_PROJECT_VERSION = 1;
				DEVELOPMENT_ASSET_PATHS = "\"Procrasination-BLCT/Preview Content\"";
				DEVELOPMENT_TEAM = RTMT8ZHYFZ;
				ENABLE_PREVIEWS = YES;
				GENERATE_INFOPLIST_FILE = YES;
				INFOPLIST_KEY_UIApplicationSceneManifest_Generation = YES;
				INFOPLIST_KEY_UIApplicationSupportsIndirectInputEvents = YES;
				INFOPLIST_KEY_UILaunchScreen_Generation = YES;
				INFOPLIST_KEY_UISupportedInterfaceOrientations_iPad = "UIInterfaceOrientationPortrait UIInterfaceOrientationPortraitUpsideDown UIInterfaceOrientationLandscapeLeft UIInterfaceOrientationLandscapeRight";
				INFOPLIST_KEY_UISupportedInterfaceOrientations_iPhone = "UIInterfaceOrientationPortrait UIInterfaceOrientationLandscapeLeft UIInterfaceOrientationLandscapeRight";
				LD_RUNPATH_SEARCH_PATHS = (
					"$(inherited)",
					"@executable_path/Frameworks",
				);
				MARKETING_VERSION = 1.0;
				PRODUCT_BUNDLE_IDENTIFIER = "com.MarcusRibeiro.Procrasination-BLCT";
				PRODUCT_NAME = "$(TARGET_NAME)";
				SWIFT_EMIT_LOC_STRINGS = YES;
				SWIFT_VERSION = 5.0;
				TARGETED_DEVICE_FAMILY = "1,2";
			};
			name = Release;
		};
/* End XCBuildConfiguration section */

/* Begin XCConfigurationList section */
		EA05CAAA29032558003A0D6F /* Build configuration list for PBXProject "Procrasination-BLCT" */ = {
			isa = XCConfigurationList;
			buildConfigurations = (
				EA05CABB29032559003A0D6F /* Debug */,
				EA05CABC29032559003A0D6F /* Release */,
			);
			defaultConfigurationIsVisible = 0;
			defaultConfigurationName = Release;
		};
		EA05CABD29032559003A0D6F /* Build configuration list for PBXNativeTarget "Procrasination-BLCT" */ = {
			isa = XCConfigurationList;
			buildConfigurations = (
				EA05CABE29032559003A0D6F /* Debug */,
				EA05CABF29032559003A0D6F /* Release */,
			);
			defaultConfigurationIsVisible = 0;
			defaultConfigurationName = Release;
		};
/* End XCConfigurationList section */

/* Begin XCRemoteSwiftPackageReference section */
		EA05CAC229032C33003A0D6F /* XCRemoteSwiftPackageReference "swift-algorithms" */ = {
			isa = XCRemoteSwiftPackageReference;
			repositoryURL = "https://github.com/apple/swift-algorithms.git";
			requirement = {
				kind = upToNextMajorVersion;
				minimumVersion = 1.0.0;
			};
		};
/* End XCRemoteSwiftPackageReference section */

/* Begin XCSwiftPackageProductDependency section */
		EA05CAC329032C33003A0D6F /* Algorithms */ = {
			isa = XCSwiftPackageProductDependency;
			package = EA05CAC229032C33003A0D6F /* XCRemoteSwiftPackageReference "swift-algorithms" */;
			productName = Algorithms;
		};
/* End XCSwiftPackageProductDependency section */
	};
	rootObject = EA05CAA729032558003A0D6F /* Project object */;
}
